
Microsoft Visual Studio Solution File, Format Version 12.00
# Visual Studio 2013
VisualStudioVersion = 12.0.31101.0
MinimumVisualStudioVersion = 10.0.40219.1
Project("{8BC9CEB8-8B4A-11D0-8D11-00A0C91BC942}") = "Profiler", "Profiler\Profiler.vcxproj", "{CC51C2F0-D0F2-41D9-B1D2-5108C1D3B8E6}"
EndProject
Global
	GlobalSection(SolutionConfigurationPlatforms) = preSolution
		Debug|Any CPU = Debug|Any CPU
		Debug|Mixed Platforms = Debug|Mixed Platforms
		Debug|Win32 = Debug|Win32
		Debug|x64 = Debug|x64
		Release Light|Any CPU = Release Light|Any CPU
		Release Light|Mixed Platforms = Release Light|Mixed Platforms
		Release Light|Win32 = Release Light|Win32
		Release Light|x64 = Release Light|x64
		Release|Any CPU = Release|Any CPU
		Release|Mixed Platforms = Release|Mixed Platforms
		Release|Win32 = Release|Win32
		Release|x64 = Release|x64
	EndGlobalSection
	GlobalSection(ProjectConfigurationPlatforms) = postSolution
		{CC51C2F0-D0F2-41D9-B1D2-5108C1D3B8E6}.Debug|Any CPU.ActiveCfg = Debug|x64
		{CC51C2F0-D0F2-41D9-B1D2-5108C1D3B8E6}.Debug|Mixed Platforms.ActiveCfg = Debug|x64
		{CC51C2F0-D0F2-41D9-B1D2-5108C1D3B8E6}.Debug|Mixed Platforms.Build.0 = Debug|x64
		{CC51C2F0-D0F2-41D9-B1D2-5108C1D3B8E6}.Debug|Win32.ActiveCfg = Debug|x64
		{CC51C2F0-D0F2-41D9-B1D2-5108C1D3B8E6}.Debug|Win32.Build.0 = Debug|x64
		{CC51C2F0-D0F2-41D9-B1D2-5108C1D3B8E6}.Debug|x64.ActiveCfg = Debug|x64
		{CC51C2F0-D0F2-41D9-B1D2-5108C1D3B8E6}.Debug|x64.Build.0 = Debug|x64
		{CC51C2F0-D0F2-41D9-B1D2-5108C1D3B8E6}.Release Light|Any CPU.ActiveCfg = Release Light|Win32
		{CC51C2F0-D0F2-41D9-B1D2-5108C1D3B8E6}.Release Light|Mixed Platforms.ActiveCfg = Release Light|Win32
		{CC51C2F0-D0F2-41D9-B1D2-5108C1D3B8E6}.Release Light|Mixed Platforms.Build.0 = Release Light|Win32
		{CC51C2F0-D0F2-41D9-B1D2-5108C1D3B8E6}.Release Light|Win32.ActiveCfg = Release Light|Win32
		{CC51C2F0-D0F2-41D9-B1D2-5108C1D3B8E6}.Release Light|Win32.Build.0 = Release Light|Win32
		{CC51C2F0-D0F2-41D9-B1D2-5108C1D3B8E6}.Release Light|x64.ActiveCfg = Release Light|x64
		{CC51C2F0-D0F2-41D9-B1D2-5108C1D3B8E6}.Release Light|x64.Build.0 = Release Light|x64
		{CC51C2F0-D0F2-41D9-B1D2-5108C1D3B8E6}.Release|Any CPU.ActiveCfg = Release|x64
		{CC51C2F0-D0F2-41D9-B1D2-5108C1D3B8E6}.Release|Mixed Platforms.ActiveCfg = Release|x64
		{CC51C2F0-D0F2-41D9-B1D2-5108C1D3B8E6}.Release|Mixed Platforms.Build.0 = Release|x64
		{CC51C2F0-D0F2-41D9-B1D2-5108C1D3B8E6}.Release|Win32.ActiveCfg = Release|Win32
		{CC51C2F0-D0F2-41D9-B1D2-5108C1D3B8E6}.Release|Win32.Build.0 = Release|Win32
		{CC51C2F0-D0F2-41D9-B1D2-5108C1D3B8E6}.Release|x64.ActiveCfg = Release|x64
		{CC51C2F0-D0F2-41D9-B1D2-5108C1D3B8E6}.Release|x64.Build.0 = Release|x64
	EndGlobalSection
	GlobalSection(SolutionProperties) = preSolution
		HideSolutionNode = FALSE
	EndGlobalSection
	GlobalSection(SpecExplorer.ActivityCompletionStatus) = preSolution
		SpecExplorer.ActivityCompletionStatus = TestExisting: ;ModelFromScratch: 
	EndGlobalSection
EndGlobal
