
Microsoft Visual Studio Solution File, Format Version 12.00
# Visual Studio 15
VisualStudioVersion = 15.0.27130.2027
MinimumVisualStudioVersion = 10.0.40219.1
Project("{8BC9CEB8-8B4A-11D0-8D11-00A0C91BC942}") = "Profiler", "Profiler\Profiler.vcxproj", "{CC51C2F0-D0F2-41D9-B1D2-5108C1D3B8E6}"
EndProject
Project("{FAE04EC0-301F-11D3-BF4B-00C04F79EFBC}") = "UploadDaemon", "UploadDaemon\UploadDaemon.csproj", "{A01A7519-E10D-4153-8CD4-678935721DF3}"
EndProject
Project("{FAE04EC0-301F-11D3-BF4B-00C04F79EFBC}") = "UploadDaemon_Test", "UploadDaemon_Test\UploadDaemon_Test.csproj", "{1405B69B-D9A6-47F6-9C05-8B839DB3A0E4}"
EndProject
Project("{FAE04EC0-301F-11D3-BF4B-00C04F79EFBC}") = "ProfilerGUI", "ProfilerGUI\ProfilerGUI.csproj", "{0BB237CF-2C22-48DC-95E3-E9F58AB6A398}"
	ProjectSection(ProjectDependencies) = postProject
		{A01A7519-E10D-4153-8CD4-678935721DF3} = {A01A7519-E10D-4153-8CD4-678935721DF3}
	EndProjectSection
EndProject
Project("{FAE04EC0-301F-11D3-BF4B-00C04F79EFBC}") = "ProfilerGUI_Test", "ProfilerGUI_Test\ProfilerGUI_Test.csproj", "{07C6F87E-27FA-4027-AE11-94AE58B1BFF4}"
EndProject
Project("{D954291E-2A0B-460D-934E-DC6B0785DB48}") = "Common", "Common\Common.shproj", "{AC9B3CCA-44B4-429A-BEC8-C516A6013CC7}"
EndProject
Project("{FAE04EC0-301F-11D3-BF4B-00C04F79EFBC}") = "Profiler_Test", "Profiler_Test\Profiler_Test.csproj", "{71C15502-DC08-4E50-81AB-B31F70F098F5}"
	ProjectSection(ProjectDependencies) = postProject
		{CC51C2F0-D0F2-41D9-B1D2-5108C1D3B8E6} = {CC51C2F0-D0F2-41D9-B1D2-5108C1D3B8E6}
	EndProjectSection
EndProject
Global
	GlobalSection(SharedMSBuildProjectFiles) = preSolution
		Common\Common.projitems*{0bb237cf-2c22-48dc-95e3-e9f58ab6a398}*SharedItemsImports = 4
		Common\Common.projitems*{a01a7519-e10d-4153-8cd4-678935721df3}*SharedItemsImports = 4
		Common\Common.projitems*{ac9b3cca-44b4-429a-bec8-c516a6013cc7}*SharedItemsImports = 13
	EndGlobalSection
	GlobalSection(SolutionConfigurationPlatforms) = preSolution
		Debug|Any CPU = Debug|Any CPU
		Debug|Win32 = Debug|Win32
		Debug|x64 = Debug|x64
		Release|Any CPU = Release|Any CPU
		Release|Win32 = Release|Win32
		Release|x64 = Release|x64
	EndGlobalSection
	GlobalSection(ProjectConfigurationPlatforms) = postSolution
		{CC51C2F0-D0F2-41D9-B1D2-5108C1D3B8E6}.Debug|Any CPU.ActiveCfg = Debug|Win32
		{CC51C2F0-D0F2-41D9-B1D2-5108C1D3B8E6}.Debug|Win32.ActiveCfg = Debug|Win32
		{CC51C2F0-D0F2-41D9-B1D2-5108C1D3B8E6}.Debug|Win32.Build.0 = Debug|Win32
		{CC51C2F0-D0F2-41D9-B1D2-5108C1D3B8E6}.Debug|x64.ActiveCfg = Debug|x64
		{CC51C2F0-D0F2-41D9-B1D2-5108C1D3B8E6}.Debug|x64.Build.0 = Debug|x64
		{CC51C2F0-D0F2-41D9-B1D2-5108C1D3B8E6}.Release|Any CPU.ActiveCfg = Release|Win32
		{CC51C2F0-D0F2-41D9-B1D2-5108C1D3B8E6}.Release|Win32.ActiveCfg = Debug|Win32
		{CC51C2F0-D0F2-41D9-B1D2-5108C1D3B8E6}.Release|Win32.Build.0 = Debug|Win32
		{CC51C2F0-D0F2-41D9-B1D2-5108C1D3B8E6}.Release|x64.ActiveCfg = Debug|x64
		{CC51C2F0-D0F2-41D9-B1D2-5108C1D3B8E6}.Release|x64.Build.0 = Debug|x64
		{A01A7519-E10D-4153-8CD4-678935721DF3}.Debug|Any CPU.ActiveCfg = Debug|Any CPU
		{A01A7519-E10D-4153-8CD4-678935721DF3}.Debug|Any CPU.Build.0 = Debug|Any CPU
		{A01A7519-E10D-4153-8CD4-678935721DF3}.Debug|Win32.ActiveCfg = Debug|Any CPU
		{A01A7519-E10D-4153-8CD4-678935721DF3}.Debug|Win32.Build.0 = Debug|Any CPU
		{A01A7519-E10D-4153-8CD4-678935721DF3}.Debug|x64.ActiveCfg = Debug|Any CPU
		{A01A7519-E10D-4153-8CD4-678935721DF3}.Debug|x64.Build.0 = Debug|Any CPU
		{A01A7519-E10D-4153-8CD4-678935721DF3}.Release|Any CPU.ActiveCfg = Release|Any CPU
		{A01A7519-E10D-4153-8CD4-678935721DF3}.Release|Any CPU.Build.0 = Release|Any CPU
		{A01A7519-E10D-4153-8CD4-678935721DF3}.Release|Win32.ActiveCfg = Debug|Any CPU
		{A01A7519-E10D-4153-8CD4-678935721DF3}.Release|Win32.Build.0 = Debug|Any CPU
		{A01A7519-E10D-4153-8CD4-678935721DF3}.Release|x64.ActiveCfg = Debug|Any CPU
		{A01A7519-E10D-4153-8CD4-678935721DF3}.Release|x64.Build.0 = Debug|Any CPU
		{1405B69B-D9A6-47F6-9C05-8B839DB3A0E4}.Debug|Any CPU.ActiveCfg = Debug|Any CPU
		{1405B69B-D9A6-47F6-9C05-8B839DB3A0E4}.Debug|Any CPU.Build.0 = Debug|Any CPU
		{1405B69B-D9A6-47F6-9C05-8B839DB3A0E4}.Debug|Win32.ActiveCfg = Debug|Any CPU
		{1405B69B-D9A6-47F6-9C05-8B839DB3A0E4}.Debug|Win32.Build.0 = Debug|Any CPU
		{1405B69B-D9A6-47F6-9C05-8B839DB3A0E4}.Debug|x64.ActiveCfg = Debug|Any CPU
		{1405B69B-D9A6-47F6-9C05-8B839DB3A0E4}.Debug|x64.Build.0 = Debug|Any CPU
		{1405B69B-D9A6-47F6-9C05-8B839DB3A0E4}.Release|Any CPU.ActiveCfg = Release|Any CPU
		{1405B69B-D9A6-47F6-9C05-8B839DB3A0E4}.Release|Any CPU.Build.0 = Release|Any CPU
		{1405B69B-D9A6-47F6-9C05-8B839DB3A0E4}.Release|Win32.ActiveCfg = Debug|Any CPU
		{1405B69B-D9A6-47F6-9C05-8B839DB3A0E4}.Release|Win32.Build.0 = Debug|Any CPU
		{1405B69B-D9A6-47F6-9C05-8B839DB3A0E4}.Release|x64.ActiveCfg = Debug|Any CPU
		{1405B69B-D9A6-47F6-9C05-8B839DB3A0E4}.Release|x64.Build.0 = Debug|Any CPU
		{0BB237CF-2C22-48DC-95E3-E9F58AB6A398}.Debug|Any CPU.ActiveCfg = Debug|Any CPU
		{0BB237CF-2C22-48DC-95E3-E9F58AB6A398}.Debug|Any CPU.Build.0 = Debug|Any CPU
		{0BB237CF-2C22-48DC-95E3-E9F58AB6A398}.Debug|Win32.ActiveCfg = Debug|Any CPU
		{0BB237CF-2C22-48DC-95E3-E9F58AB6A398}.Debug|Win32.Build.0 = Debug|Any CPU
		{0BB237CF-2C22-48DC-95E3-E9F58AB6A398}.Debug|x64.ActiveCfg = Debug|Any CPU
		{0BB237CF-2C22-48DC-95E3-E9F58AB6A398}.Debug|x64.Build.0 = Debug|Any CPU
		{0BB237CF-2C22-48DC-95E3-E9F58AB6A398}.Release|Any CPU.ActiveCfg = Release|Any CPU
		{0BB237CF-2C22-48DC-95E3-E9F58AB6A398}.Release|Any CPU.Build.0 = Release|Any CPU
		{0BB237CF-2C22-48DC-95E3-E9F58AB6A398}.Release|Win32.ActiveCfg = Debug|Any CPU
		{0BB237CF-2C22-48DC-95E3-E9F58AB6A398}.Release|Win32.Build.0 = Debug|Any CPU
		{0BB237CF-2C22-48DC-95E3-E9F58AB6A398}.Release|x64.ActiveCfg = Debug|Any CPU
		{0BB237CF-2C22-48DC-95E3-E9F58AB6A398}.Release|x64.Build.0 = Debug|Any CPU
		{07C6F87E-27FA-4027-AE11-94AE58B1BFF4}.Debug|Any CPU.ActiveCfg = Debug|Any CPU
		{07C6F87E-27FA-4027-AE11-94AE58B1BFF4}.Debug|Any CPU.Build.0 = Debug|Any CPU
		{07C6F87E-27FA-4027-AE11-94AE58B1BFF4}.Debug|Win32.ActiveCfg = Debug|Any CPU
		{07C6F87E-27FA-4027-AE11-94AE58B1BFF4}.Debug|Win32.Build.0 = Debug|Any CPU
		{07C6F87E-27FA-4027-AE11-94AE58B1BFF4}.Debug|x64.ActiveCfg = Debug|Any CPU
		{07C6F87E-27FA-4027-AE11-94AE58B1BFF4}.Debug|x64.Build.0 = Debug|Any CPU
		{07C6F87E-27FA-4027-AE11-94AE58B1BFF4}.Release|Any CPU.ActiveCfg = Release|Any CPU
		{07C6F87E-27FA-4027-AE11-94AE58B1BFF4}.Release|Any CPU.Build.0 = Release|Any CPU
		{07C6F87E-27FA-4027-AE11-94AE58B1BFF4}.Release|Win32.ActiveCfg = Debug|Any CPU
		{07C6F87E-27FA-4027-AE11-94AE58B1BFF4}.Release|Win32.Build.0 = Debug|Any CPU
		{07C6F87E-27FA-4027-AE11-94AE58B1BFF4}.Release|x64.ActiveCfg = Debug|Any CPU
		{07C6F87E-27FA-4027-AE11-94AE58B1BFF4}.Release|x64.Build.0 = Debug|Any CPU
		{71C15502-DC08-4E50-81AB-B31F70F098F5}.Debug|Any CPU.ActiveCfg = Debug|Any CPU
		{71C15502-DC08-4E50-81AB-B31F70F098F5}.Debug|Any CPU.Build.0 = Debug|Any CPU
		{71C15502-DC08-4E50-81AB-B31F70F098F5}.Debug|Win32.ActiveCfg = Debug|Any CPU
		{71C15502-DC08-4E50-81AB-B31F70F098F5}.Debug|Win32.Build.0 = Debug|Any CPU
		{71C15502-DC08-4E50-81AB-B31F70F098F5}.Debug|x64.ActiveCfg = Debug|Any CPU
		{71C15502-DC08-4E50-81AB-B31F70F098F5}.Debug|x64.Build.0 = Debug|Any CPU
		{71C15502-DC08-4E50-81AB-B31F70F098F5}.Release|Any CPU.ActiveCfg = Release|Any CPU
		{71C15502-DC08-4E50-81AB-B31F70F098F5}.Release|Any CPU.Build.0 = Release|Any CPU
		{71C15502-DC08-4E50-81AB-B31F70F098F5}.Release|Win32.ActiveCfg = Release|Any CPU
		{71C15502-DC08-4E50-81AB-B31F70F098F5}.Release|Win32.Build.0 = Release|Any CPU
		{71C15502-DC08-4E50-81AB-B31F70F098F5}.Release|x64.ActiveCfg = Release|Any CPU
		{71C15502-DC08-4E50-81AB-B31F70F098F5}.Release|x64.Build.0 = Release|Any CPU
	EndGlobalSection
	GlobalSection(SolutionProperties) = preSolution
		HideSolutionNode = FALSE
	EndGlobalSection
	GlobalSection(ExtensibilityGlobals) = postSolution
		SolutionGuid = {4E1B4522-5DA4-4169-99DD-EF8C6B1E598F}
	EndGlobalSection
	GlobalSection(SpecExplorer.ActivityCompletionStatus) = preSolution
		SpecExplorer.ActivityCompletionStatus = TestExisting: ;ModelFromScratch: 
	EndGlobalSection
EndGlobal
