
Microsoft Visual Studio Solution File, Format Version 12.00
# Visual Studio Version 17
VisualStudioVersion = 17.7.34031.279
MinimumVisualStudioVersion = 10.0.40219.1
Project("{8BC9CEB8-8B4A-11D0-8D11-00A0C91BC942}") = "Profiler", "Profiler\Profiler.vcxproj", "{CC51C2F0-D0F2-41D9-B1D2-5108C1D3B8E6}"
EndProject
Project("{FAE04EC0-301F-11D3-BF4B-00C04F79EFBC}") = "UploadDaemon", "UploadDaemon\UploadDaemon.csproj", "{A01A7519-E10D-4153-8CD4-678935721DF3}"
EndProject
Project("{FAE04EC0-301F-11D3-BF4B-00C04F79EFBC}") = "UploadDaemon_Test", "UploadDaemon_Test\UploadDaemon_Test.csproj", "{1405B69B-D9A6-47F6-9C05-8B839DB3A0E4}"
EndProject
Project("{FAE04EC0-301F-11D3-BF4B-00C04F79EFBC}") = "Profiler_Test", "Profiler_Test\Profiler_Test.csproj", "{71C15502-DC08-4E50-81AB-B31F70F098F5}"
	ProjectSection(ProjectDependencies) = postProject
		{CC51C2F0-D0F2-41D9-B1D2-5108C1D3B8E6} = {CC51C2F0-D0F2-41D9-B1D2-5108C1D3B8E6}
	EndProjectSection
EndProject
Project("{8BC9CEB8-8B4A-11D0-8D11-00A0C91BC942}") = "Profiler_Cpp_Test", "Profiler_Cpp_Test\Profiler_Cpp_Test.vcxproj", "{A71C4191-5B96-42A6-BD89-32FF4ECC4C0B}"
	ProjectSection(ProjectDependencies) = postProject
		{CC51C2F0-D0F2-41D9-B1D2-5108C1D3B8E6} = {CC51C2F0-D0F2-41D9-B1D2-5108C1D3B8E6}
	EndProjectSection
EndProject
Project("{FAE04EC0-301F-11D3-BF4B-00C04F79EFBC}") = "DumpPdb", "DumpPdb\DumpPdb.csproj", "{BF294B13-B2BB-43B4-9F83-3AA0BE0DC448}"
EndProject
Project("{9A19103F-16F7-4668-BE54-9A1E7A4F7556}") = "Sample_Debugging_App", "Sample_Debugging_App\Sample_Debugging_App.csproj", "{084AB86B-40EA-40B1-9B30-43D2619DEF21}"
EndProject
Project("{FAE04EC0-301F-11D3-BF4B-00C04F79EFBC}") = "Bummer", "Bummer\Bummer.csproj", "{721FDFC9-6DA9-4159-A54E-E448DFB9097D}"
EndProject
Project("{FAE04EC0-301F-11D3-BF4B-00C04F79EFBC}") = "Bummer_Test", "Bummer_Test\Bummer_Test.csproj", "{DD23760A-176C-4151-9E71-7F3642FFFACE}"
EndProject
Global
	GlobalSection(SolutionConfigurationPlatforms) = preSolution
		Debug|Any CPU = Debug|Any CPU
		Debug|Win32 = Debug|Win32
		Debug|x64 = Debug|x64
		Release|Any CPU = Release|Any CPU
		Release|Win32 = Release|Win32
		Release|x64 = Release|x64
	EndGlobalSection
	GlobalSection(ProjectConfigurationPlatforms) = postSolution
		{CC51C2F0-D0F2-41D9-B1D2-5108C1D3B8E6}.Debug|Any CPU.ActiveCfg = Debug|Win32
		{CC51C2F0-D0F2-41D9-B1D2-5108C1D3B8E6}.Debug|Any CPU.Build.0 = Debug|Win32
		{CC51C2F0-D0F2-41D9-B1D2-5108C1D3B8E6}.Debug|Win32.ActiveCfg = Debug|Win32
		{CC51C2F0-D0F2-41D9-B1D2-5108C1D3B8E6}.Debug|Win32.Build.0 = Debug|Win32
		{CC51C2F0-D0F2-41D9-B1D2-5108C1D3B8E6}.Debug|x64.ActiveCfg = Debug|x64
		{CC51C2F0-D0F2-41D9-B1D2-5108C1D3B8E6}.Debug|x64.Build.0 = Debug|x64
		{CC51C2F0-D0F2-41D9-B1D2-5108C1D3B8E6}.Release|Any CPU.ActiveCfg = Release|Win32
		{CC51C2F0-D0F2-41D9-B1D2-5108C1D3B8E6}.Release|Win32.ActiveCfg = Release|Win32
		{CC51C2F0-D0F2-41D9-B1D2-5108C1D3B8E6}.Release|Win32.Build.0 = Release|Win32
		{CC51C2F0-D0F2-41D9-B1D2-5108C1D3B8E6}.Release|x64.ActiveCfg = Release|x64
		{CC51C2F0-D0F2-41D9-B1D2-5108C1D3B8E6}.Release|x64.Build.0 = Release|x64
		{A01A7519-E10D-4153-8CD4-678935721DF3}.Debug|Any CPU.ActiveCfg = Debug|Any CPU
		{A01A7519-E10D-4153-8CD4-678935721DF3}.Debug|Any CPU.Build.0 = Debug|Any CPU
		{A01A7519-E10D-4153-8CD4-678935721DF3}.Debug|Win32.ActiveCfg = Debug|Any CPU
		{A01A7519-E10D-4153-8CD4-678935721DF3}.Debug|Win32.Build.0 = Debug|Any CPU
		{A01A7519-E10D-4153-8CD4-678935721DF3}.Debug|x64.ActiveCfg = Debug|Any CPU
		{A01A7519-E10D-4153-8CD4-678935721DF3}.Debug|x64.Build.0 = Debug|Any CPU
		{A01A7519-E10D-4153-8CD4-678935721DF3}.Release|Any CPU.ActiveCfg = Release|Any CPU
		{A01A7519-E10D-4153-8CD4-678935721DF3}.Release|Any CPU.Build.0 = Release|Any CPU
		{A01A7519-E10D-4153-8CD4-678935721DF3}.Release|Win32.ActiveCfg = Release|Any CPU
		{A01A7519-E10D-4153-8CD4-678935721DF3}.Release|Win32.Build.0 = Release|Any CPU
		{A01A7519-E10D-4153-8CD4-678935721DF3}.Release|x64.ActiveCfg = Release|Any CPU
		{A01A7519-E10D-4153-8CD4-678935721DF3}.Release|x64.Build.0 = Release|Any CPU
		{1405B69B-D9A6-47F6-9C05-8B839DB3A0E4}.Debug|Any CPU.ActiveCfg = Debug|Any CPU
		{1405B69B-D9A6-47F6-9C05-8B839DB3A0E4}.Debug|Any CPU.Build.0 = Debug|Any CPU
		{1405B69B-D9A6-47F6-9C05-8B839DB3A0E4}.Debug|Win32.ActiveCfg = Debug|Any CPU
		{1405B69B-D9A6-47F6-9C05-8B839DB3A0E4}.Debug|Win32.Build.0 = Debug|Any CPU
		{1405B69B-D9A6-47F6-9C05-8B839DB3A0E4}.Debug|x64.ActiveCfg = Debug|Any CPU
		{1405B69B-D9A6-47F6-9C05-8B839DB3A0E4}.Debug|x64.Build.0 = Debug|Any CPU
		{1405B69B-D9A6-47F6-9C05-8B839DB3A0E4}.Release|Any CPU.ActiveCfg = Release|Any CPU
		{1405B69B-D9A6-47F6-9C05-8B839DB3A0E4}.Release|Any CPU.Build.0 = Release|Any CPU
		{1405B69B-D9A6-47F6-9C05-8B839DB3A0E4}.Release|Win32.ActiveCfg = Release|Any CPU
		{1405B69B-D9A6-47F6-9C05-8B839DB3A0E4}.Release|Win32.Build.0 = Release|Any CPU
		{1405B69B-D9A6-47F6-9C05-8B839DB3A0E4}.Release|x64.ActiveCfg = Release|Any CPU
		{1405B69B-D9A6-47F6-9C05-8B839DB3A0E4}.Release|x64.Build.0 = Release|Any CPU
		{71C15502-DC08-4E50-81AB-B31F70F098F5}.Debug|Any CPU.ActiveCfg = Debug|Any CPU
		{71C15502-DC08-4E50-81AB-B31F70F098F5}.Debug|Any CPU.Build.0 = Debug|Any CPU
		{71C15502-DC08-4E50-81AB-B31F70F098F5}.Debug|Win32.ActiveCfg = Debug|Any CPU
		{71C15502-DC08-4E50-81AB-B31F70F098F5}.Debug|Win32.Build.0 = Debug|Any CPU
		{71C15502-DC08-4E50-81AB-B31F70F098F5}.Debug|x64.ActiveCfg = Debug|Any CPU
		{71C15502-DC08-4E50-81AB-B31F70F098F5}.Debug|x64.Build.0 = Debug|Any CPU
		{71C15502-DC08-4E50-81AB-B31F70F098F5}.Release|Any CPU.ActiveCfg = Release|Any CPU
		{71C15502-DC08-4E50-81AB-B31F70F098F5}.Release|Any CPU.Build.0 = Release|Any CPU
		{71C15502-DC08-4E50-81AB-B31F70F098F5}.Release|Win32.ActiveCfg = Release|Any CPU
		{71C15502-DC08-4E50-81AB-B31F70F098F5}.Release|Win32.Build.0 = Release|Any CPU
		{71C15502-DC08-4E50-81AB-B31F70F098F5}.Release|x64.ActiveCfg = Release|Any CPU
		{71C15502-DC08-4E50-81AB-B31F70F098F5}.Release|x64.Build.0 = Release|Any CPU
		{A71C4191-5B96-42A6-BD89-32FF4ECC4C0B}.Debug|Any CPU.ActiveCfg = Debug|Win32
		{A71C4191-5B96-42A6-BD89-32FF4ECC4C0B}.Debug|Any CPU.Build.0 = Debug|Win32
		{A71C4191-5B96-42A6-BD89-32FF4ECC4C0B}.Debug|Win32.ActiveCfg = Debug|Win32
		{A71C4191-5B96-42A6-BD89-32FF4ECC4C0B}.Debug|Win32.Build.0 = Debug|Win32
		{A71C4191-5B96-42A6-BD89-32FF4ECC4C0B}.Debug|x64.ActiveCfg = Debug|x64
		{A71C4191-5B96-42A6-BD89-32FF4ECC4C0B}.Debug|x64.Build.0 = Debug|x64
		{A71C4191-5B96-42A6-BD89-32FF4ECC4C0B}.Release|Any CPU.ActiveCfg = Release|Win32
		{A71C4191-5B96-42A6-BD89-32FF4ECC4C0B}.Release|Win32.ActiveCfg = Release|Win32
		{A71C4191-5B96-42A6-BD89-32FF4ECC4C0B}.Release|Win32.Build.0 = Release|Win32
		{A71C4191-5B96-42A6-BD89-32FF4ECC4C0B}.Release|x64.ActiveCfg = Release|x64
		{A71C4191-5B96-42A6-BD89-32FF4ECC4C0B}.Release|x64.Build.0 = Release|x64
		{BF294B13-B2BB-43B4-9F83-3AA0BE0DC448}.Debug|Any CPU.ActiveCfg = Debug|Any CPU
		{BF294B13-B2BB-43B4-9F83-3AA0BE0DC448}.Debug|Any CPU.Build.0 = Debug|Any CPU
		{BF294B13-B2BB-43B4-9F83-3AA0BE0DC448}.Debug|Win32.ActiveCfg = Debug|Any CPU
		{BF294B13-B2BB-43B4-9F83-3AA0BE0DC448}.Debug|Win32.Build.0 = Debug|Any CPU
		{BF294B13-B2BB-43B4-9F83-3AA0BE0DC448}.Debug|x64.ActiveCfg = Debug|Any CPU
		{BF294B13-B2BB-43B4-9F83-3AA0BE0DC448}.Debug|x64.Build.0 = Debug|Any CPU
		{BF294B13-B2BB-43B4-9F83-3AA0BE0DC448}.Release|Any CPU.ActiveCfg = Release|Any CPU
		{BF294B13-B2BB-43B4-9F83-3AA0BE0DC448}.Release|Any CPU.Build.0 = Release|Any CPU
		{BF294B13-B2BB-43B4-9F83-3AA0BE0DC448}.Release|Win32.ActiveCfg = Release|Any CPU
		{BF294B13-B2BB-43B4-9F83-3AA0BE0DC448}.Release|Win32.Build.0 = Release|Any CPU
		{BF294B13-B2BB-43B4-9F83-3AA0BE0DC448}.Release|x64.ActiveCfg = Release|Any CPU
		{BF294B13-B2BB-43B4-9F83-3AA0BE0DC448}.Release|x64.Build.0 = Release|Any CPU
		{084AB86B-40EA-40B1-9B30-43D2619DEF21}.Debug|Any CPU.ActiveCfg = Debug|Any CPU
		{084AB86B-40EA-40B1-9B30-43D2619DEF21}.Debug|Any CPU.Build.0 = Debug|Any CPU
		{084AB86B-40EA-40B1-9B30-43D2619DEF21}.Debug|Win32.ActiveCfg = Debug|Any CPU
		{084AB86B-40EA-40B1-9B30-43D2619DEF21}.Debug|Win32.Build.0 = Debug|Any CPU
		{084AB86B-40EA-40B1-9B30-43D2619DEF21}.Debug|x64.ActiveCfg = Debug|Any CPU
		{084AB86B-40EA-40B1-9B30-43D2619DEF21}.Debug|x64.Build.0 = Debug|Any CPU
		{084AB86B-40EA-40B1-9B30-43D2619DEF21}.Release|Any CPU.ActiveCfg = Release|Any CPU
		{084AB86B-40EA-40B1-9B30-43D2619DEF21}.Release|Any CPU.Build.0 = Release|Any CPU
		{084AB86B-40EA-40B1-9B30-43D2619DEF21}.Release|Win32.ActiveCfg = Release|Any CPU
		{084AB86B-40EA-40B1-9B30-43D2619DEF21}.Release|Win32.Build.0 = Release|Any CPU
		{084AB86B-40EA-40B1-9B30-43D2619DEF21}.Release|x64.ActiveCfg = Release|Any CPU
		{084AB86B-40EA-40B1-9B30-43D2619DEF21}.Release|x64.Build.0 = Release|Any CPU
		{721FDFC9-6DA9-4159-A54E-E448DFB9097D}.Debug|Any CPU.ActiveCfg = Debug|Any CPU
		{721FDFC9-6DA9-4159-A54E-E448DFB9097D}.Debug|Any CPU.Build.0 = Debug|Any CPU
		{721FDFC9-6DA9-4159-A54E-E448DFB9097D}.Debug|Win32.ActiveCfg = Debug|Any CPU
		{721FDFC9-6DA9-4159-A54E-E448DFB9097D}.Debug|Win32.Build.0 = Debug|Any CPU
		{721FDFC9-6DA9-4159-A54E-E448DFB9097D}.Debug|x64.ActiveCfg = Debug|Any CPU
		{721FDFC9-6DA9-4159-A54E-E448DFB9097D}.Debug|x64.Build.0 = Debug|Any CPU
		{721FDFC9-6DA9-4159-A54E-E448DFB9097D}.Release|Any CPU.ActiveCfg = Release|Any CPU
		{721FDFC9-6DA9-4159-A54E-E448DFB9097D}.Release|Any CPU.Build.0 = Release|Any CPU
		{721FDFC9-6DA9-4159-A54E-E448DFB9097D}.Release|Win32.ActiveCfg = Release|Any CPU
		{721FDFC9-6DA9-4159-A54E-E448DFB9097D}.Release|Win32.Build.0 = Release|Any CPU
		{721FDFC9-6DA9-4159-A54E-E448DFB9097D}.Release|x64.ActiveCfg = Release|Any CPU
		{721FDFC9-6DA9-4159-A54E-E448DFB9097D}.Release|x64.Build.0 = Release|Any CPU
		{DD23760A-176C-4151-9E71-7F3642FFFACE}.Debug|Any CPU.ActiveCfg = Debug|Any CPU
		{DD23760A-176C-4151-9E71-7F3642FFFACE}.Debug|Any CPU.Build.0 = Debug|Any CPU
		{DD23760A-176C-4151-9E71-7F3642FFFACE}.Debug|Win32.ActiveCfg = Debug|Any CPU
		{DD23760A-176C-4151-9E71-7F3642FFFACE}.Debug|Win32.Build.0 = Debug|Any CPU
		{DD23760A-176C-4151-9E71-7F3642FFFACE}.Debug|x64.ActiveCfg = Debug|Any CPU
		{DD23760A-176C-4151-9E71-7F3642FFFACE}.Debug|x64.Build.0 = Debug|Any CPU
		{DD23760A-176C-4151-9E71-7F3642FFFACE}.Release|Any CPU.ActiveCfg = Release|Any CPU
		{DD23760A-176C-4151-9E71-7F3642FFFACE}.Release|Any CPU.Build.0 = Release|Any CPU
		{DD23760A-176C-4151-9E71-7F3642FFFACE}.Release|Win32.ActiveCfg = Release|Any CPU
		{DD23760A-176C-4151-9E71-7F3642FFFACE}.Release|Win32.Build.0 = Release|Any CPU
		{DD23760A-176C-4151-9E71-7F3642FFFACE}.Release|x64.ActiveCfg = Release|Any CPU
		{DD23760A-176C-4151-9E71-7F3642FFFACE}.Release|x64.Build.0 = Release|Any CPU
	EndGlobalSection
	GlobalSection(SolutionProperties) = preSolution
		HideSolutionNode = FALSE
	EndGlobalSection
	GlobalSection(ExtensibilityGlobals) = postSolution
		SolutionGuid = {4E1B4522-5DA4-4169-99DD-EF8C6B1E598F}
	EndGlobalSection
	GlobalSection(SpecExplorer.ActivityCompletionStatus) = preSolution
		SpecExplorer.ActivityCompletionStatus = TestExisting: ;ModelFromScratch: 
	EndGlobalSection
EndGlobal
