
Microsoft Visual Studio Solution File, Format Version 12.00
# Visual Studio 17
VisualStudioVersion = 15.0.27130.2027
MinimumVisualStudioVersion = 10.0.40219.1
Project("{8BC9CEB8-8B4A-11D0-8D11-00A0C91BC942}") = "Profiler", "Profiler\Profiler.vcxproj", "{CC51C2F0-D0F2-41D9-B1D2-5108C1D3B8E6}"
EndProject
Project("{9A19103F-16F7-4668-BE54-9A1E7A4F7556}") = "Profiler_Test", "Profiler_Test\Profiler_Test.csproj", "{38D1553A-2E0A-4446-93C2-D3A23836AFD9}"
EndProject
Global
	GlobalSection(SolutionConfigurationPlatforms) = preSolution
		Debug|Win32 = Debug|Win32
		Debug|x64 = Debug|x64
		Release|Win32 = Release|Win32
		Release|x64 = Release|x64
	EndGlobalSection
	GlobalSection(ProjectConfigurationPlatforms) = postSolution
		{CC51C2F0-D0F2-41D9-B1D2-5108C1D3B8E6}.Debug|Win32.ActiveCfg = Release|Win32
		{CC51C2F0-D0F2-41D9-B1D2-5108C1D3B8E6}.Debug|Win32.Build.0 = Release|Win32
		{CC51C2F0-D0F2-41D9-B1D2-5108C1D3B8E6}.Debug|x64.ActiveCfg = Release|x64
		{CC51C2F0-D0F2-41D9-B1D2-5108C1D3B8E6}.Debug|x64.Build.0 = Release|x64
		{CC51C2F0-D0F2-41D9-B1D2-5108C1D3B8E6}.Release|Win32.ActiveCfg = Release|Win32
		{CC51C2F0-D0F2-41D9-B1D2-5108C1D3B8E6}.Release|Win32.Build.0 = Release|Win32
		{CC51C2F0-D0F2-41D9-B1D2-5108C1D3B8E6}.Release|x64.ActiveCfg = Release|x64
		{CC51C2F0-D0F2-41D9-B1D2-5108C1D3B8E6}.Release|x64.Build.0 = Release|x64
		{38D1553A-2E0A-4446-93C2-D3A23836AFD9}.Debug|Win32.ActiveCfg = Debug|Any CPU
		{38D1553A-2E0A-4446-93C2-D3A23836AFD9}.Debug|Win32.Build.0 = Debug|Any CPU
		{38D1553A-2E0A-4446-93C2-D3A23836AFD9}.Debug|x64.ActiveCfg = Debug|Any CPU
		{38D1553A-2E0A-4446-93C2-D3A23836AFD9}.Debug|x64.Build.0 = Debug|Any CPU
		{38D1553A-2E0A-4446-93C2-D3A23836AFD9}.Release|Win32.ActiveCfg = Debug|Any CPU
		{38D1553A-2E0A-4446-93C2-D3A23836AFD9}.Release|Win32.Build.0 = Debug|Any CPU
		{38D1553A-2E0A-4446-93C2-D3A23836AFD9}.Release|x64.ActiveCfg = Debug|Any CPU
		{38D1553A-2E0A-4446-93C2-D3A23836AFD9}.Release|x64.Build.0 = Debug|Any CPU
	EndGlobalSection
	GlobalSection(SolutionProperties) = preSolution
		HideSolutionNode = FALSE
	EndGlobalSection
	GlobalSection(ExtensibilityGlobals) = postSolution
		SolutionGuid = {4E1B4522-5DA4-4169-99DD-EF8C6B1E598F}
	EndGlobalSection
	GlobalSection(SpecExplorer.ActivityCompletionStatus) = preSolution
		SpecExplorer.ActivityCompletionStatus = TestExisting: ;ModelFromScratch: 
	EndGlobalSection
EndGlobal
