<?xml version="1.0" encoding="utf-8"?>
<Project ToolsVersion="4.0" xmlns="http://schemas.microsoft.com/developer/msbuild/2003">
  <ItemGroup>
    <Filter Include="Source Files">
      <UniqueIdentifier>{6e0536a8-bf9e-4080-89b2-723d2911d445}</UniqueIdentifier>
      <Extensions>cpp;c;cxx;def;odl;idl;hpj;bat;asm</Extensions>
    </Filter>
    <Filter Include="Header Files">
      <UniqueIdentifier>{068691d7-c83b-4770-8422-7888746d9fea}</UniqueIdentifier>
      <Extensions>h;hpp;hxx;hm;inl;inc</Extensions>
    </Filter>
    <Filter Include="Resource Files">
      <UniqueIdentifier>{26769e16-2291-4b6d-bc9b-d32dbeb0102e}</UniqueIdentifier>
      <Extensions>rc;ico;cur;bmp;dlg;rc2;rct;bin;rgs;gif;jpg;jpeg;jpe</Extensions>
    </Filter>
    <Filter Include="yaml-cpp">
      <UniqueIdentifier>{e1eb984c-3223-472a-81e8-ec1aab937fe8}</UniqueIdentifier>
    </Filter>
    <Filter Include="utils">
      <UniqueIdentifier>{6cc6ba12-cf0c-4167-92f2-74a8423a1c54}</UniqueIdentifier>
    </Filter>
    <Filter Include="config">
      <UniqueIdentifier>{5ab6d503-923d-4257-813f-272ef3e73ae8}</UniqueIdentifier>
    </Filter>
    <Filter Include="tests">
      <UniqueIdentifier>{f2489227-d07e-4c22-ae01-738e337c5c20}</UniqueIdentifier>
    </Filter>
  </ItemGroup>
  <ItemGroup>
    <ClCompile Include="CProfilerCallbackBase.cpp">
      <Filter>Source Files</Filter>
    </ClCompile>
    <ClCompile Include="CProfilerCallback.cpp">
      <Filter>Source Files</Filter>
    </ClCompile>
    <ClCompile Include="CClassFactory.cpp">
      <Filter>Source Files</Filter>
    </ClCompile>
    <ClCompile Include="Log.cpp">
      <Filter>Source Files</Filter>
    </ClCompile>
    <ClCompile Include="UploadDaemon.cpp">
      <Filter>Source Files</Filter>
    </ClCompile>
    <ClCompile Include="G:\teamscale-profiler-dotnet\Profiler\lib\yaml-cpp\src\binary.cpp">
      <Filter>yaml-cpp</Filter>
    </ClCompile>
    <ClCompile Include="G:\teamscale-profiler-dotnet\Profiler\lib\yaml-cpp\src\convert.cpp">
      <Filter>yaml-cpp</Filter>
    </ClCompile>
    <ClCompile Include="G:\teamscale-profiler-dotnet\Profiler\lib\yaml-cpp\src\directives.cpp">
      <Filter>yaml-cpp</Filter>
    </ClCompile>
    <ClCompile Include="G:\teamscale-profiler-dotnet\Profiler\lib\yaml-cpp\src\emit.cpp">
      <Filter>yaml-cpp</Filter>
    </ClCompile>
    <ClCompile Include="G:\teamscale-profiler-dotnet\Profiler\lib\yaml-cpp\src\emitfromevents.cpp">
      <Filter>yaml-cpp</Filter>
    </ClCompile>
    <ClCompile Include="G:\teamscale-profiler-dotnet\Profiler\lib\yaml-cpp\src\emitter.cpp">
      <Filter>yaml-cpp</Filter>
    </ClCompile>
    <ClCompile Include="G:\teamscale-profiler-dotnet\Profiler\lib\yaml-cpp\src\emitterstate.cpp">
      <Filter>yaml-cpp</Filter>
    </ClCompile>
    <ClCompile Include="G:\teamscale-profiler-dotnet\Profiler\lib\yaml-cpp\src\emitterutils.cpp">
      <Filter>yaml-cpp</Filter>
    </ClCompile>
    <ClCompile Include="G:\teamscale-profiler-dotnet\Profiler\lib\yaml-cpp\src\exceptions.cpp">
      <Filter>yaml-cpp</Filter>
    </ClCompile>
    <ClCompile Include="G:\teamscale-profiler-dotnet\Profiler\lib\yaml-cpp\src\exp.cpp">
      <Filter>yaml-cpp</Filter>
    </ClCompile>
    <ClCompile Include="G:\teamscale-profiler-dotnet\Profiler\lib\yaml-cpp\src\memory.cpp">
      <Filter>yaml-cpp</Filter>
    </ClCompile>
    <ClCompile Include="G:\teamscale-profiler-dotnet\Profiler\lib\yaml-cpp\src\node.cpp">
      <Filter>yaml-cpp</Filter>
    </ClCompile>
    <ClCompile Include="G:\teamscale-profiler-dotnet\Profiler\lib\yaml-cpp\src\node_data.cpp">
      <Filter>yaml-cpp</Filter>
    </ClCompile>
    <ClCompile Include="G:\teamscale-profiler-dotnet\Profiler\lib\yaml-cpp\src\nodebuilder.cpp">
      <Filter>yaml-cpp</Filter>
    </ClCompile>
    <ClCompile Include="G:\teamscale-profiler-dotnet\Profiler\lib\yaml-cpp\src\nodeevents.cpp">
      <Filter>yaml-cpp</Filter>
    </ClCompile>
    <ClCompile Include="G:\teamscale-profiler-dotnet\Profiler\lib\yaml-cpp\src\null.cpp">
      <Filter>yaml-cpp</Filter>
    </ClCompile>
    <ClCompile Include="G:\teamscale-profiler-dotnet\Profiler\lib\yaml-cpp\src\ostream_wrapper.cpp">
      <Filter>yaml-cpp</Filter>
    </ClCompile>
    <ClCompile Include="G:\teamscale-profiler-dotnet\Profiler\lib\yaml-cpp\src\parse.cpp">
      <Filter>yaml-cpp</Filter>
    </ClCompile>
    <ClCompile Include="G:\teamscale-profiler-dotnet\Profiler\lib\yaml-cpp\src\parser.cpp">
      <Filter>yaml-cpp</Filter>
    </ClCompile>
    <ClCompile Include="G:\teamscale-profiler-dotnet\Profiler\lib\yaml-cpp\src\regex_yaml.cpp">
      <Filter>yaml-cpp</Filter>
    </ClCompile>
    <ClCompile Include="G:\teamscale-profiler-dotnet\Profiler\lib\yaml-cpp\src\scanner.cpp">
      <Filter>yaml-cpp</Filter>
    </ClCompile>
    <ClCompile Include="G:\teamscale-profiler-dotnet\Profiler\lib\yaml-cpp\src\scanscalar.cpp">
      <Filter>yaml-cpp</Filter>
    </ClCompile>
    <ClCompile Include="G:\teamscale-profiler-dotnet\Profiler\lib\yaml-cpp\src\scantag.cpp">
      <Filter>yaml-cpp</Filter>
    </ClCompile>
    <ClCompile Include="G:\teamscale-profiler-dotnet\Profiler\lib\yaml-cpp\src\scantoken.cpp">
      <Filter>yaml-cpp</Filter>
    </ClCompile>
    <ClCompile Include="G:\teamscale-profiler-dotnet\Profiler\lib\yaml-cpp\src\simplekey.cpp">
      <Filter>yaml-cpp</Filter>
    </ClCompile>
    <ClCompile Include="G:\teamscale-profiler-dotnet\Profiler\lib\yaml-cpp\src\singledocparser.cpp">
      <Filter>yaml-cpp</Filter>
    </ClCompile>
    <ClCompile Include="G:\teamscale-profiler-dotnet\Profiler\lib\yaml-cpp\src\stream.cpp">
      <Filter>yaml-cpp</Filter>
    </ClCompile>
    <ClCompile Include="G:\teamscale-profiler-dotnet\Profiler\lib\yaml-cpp\src\tag.cpp">
      <Filter>yaml-cpp</Filter>
    </ClCompile>
    <ClCompile Include="WindowsUtils.cpp">
      <Filter>utils</Filter>
    </ClCompile>
    <ClCompile Include="StringUtils.cpp">
      <Filter>utils</Filter>
    </ClCompile>
    <ClCompile Include="Debug.cpp">
      <Filter>utils</Filter>
    </ClCompile>
    <ClCompile Include="Config.cpp">
      <Filter>config</Filter>
    </ClCompile>
    <ClCompile Include="ConfigParser.cpp">
      <Filter>config</Filter>
    </ClCompile>
    <ClCompile Include="ConfigFileParserTest.cpp">
      <Filter>tests</Filter>
    </ClCompile>
  </ItemGroup>
  <ItemGroup>
    <ClInclude Include="CProfilerCallbackBase.h">
      <Filter>Header Files</Filter>
    </ClInclude>
    <ClInclude Include="CProfilerCallback.h">
      <Filter>Header Files</Filter>
    </ClInclude>
    <ClInclude Include="FunctionInfo.h">
      <Filter>Header Files</Filter>
    </ClInclude>
    <ClInclude Include="CClassFactory.h">
      <Filter>Header Files</Filter>
    </ClInclude>
    <ClInclude Include="resource.h">
      <Filter>Header Files</Filter>
    </ClInclude>
    <ClInclude Include="version.h">
      <Filter>Header Files</Filter>
    </ClInclude>
    <ClInclude Include="Log.h">
      <Filter>Header Files</Filter>
    </ClInclude>
    <ClInclude Include="UploadDaemon.h">
      <Filter>Header Files</Filter>
    </ClInclude>
    <ClInclude Include="G:\teamscale-profiler-dotnet\Profiler\lib\yaml-cpp\src\collectionstack.h">
      <Filter>yaml-cpp</Filter>
    </ClInclude>
    <ClInclude Include="G:\teamscale-profiler-dotnet\Profiler\lib\yaml-cpp\src\directives.h">
      <Filter>yaml-cpp</Filter>
    </ClInclude>
    <ClInclude Include="G:\teamscale-profiler-dotnet\Profiler\lib\yaml-cpp\src\emitterstate.h">
      <Filter>yaml-cpp</Filter>
    </ClInclude>
    <ClInclude Include="G:\teamscale-profiler-dotnet\Profiler\lib\yaml-cpp\src\emitterutils.h">
      <Filter>yaml-cpp</Filter>
    </ClInclude>
    <ClInclude Include="G:\teamscale-profiler-dotnet\Profiler\lib\yaml-cpp\src\exp.h">
      <Filter>yaml-cpp</Filter>
    </ClInclude>
    <ClInclude Include="G:\teamscale-profiler-dotnet\Profiler\lib\yaml-cpp\src\indentation.h">
      <Filter>yaml-cpp</Filter>
    </ClInclude>
    <ClInclude Include="G:\teamscale-profiler-dotnet\Profiler\lib\yaml-cpp\src\nodebuilder.h">
      <Filter>yaml-cpp</Filter>
    </ClInclude>
    <ClInclude Include="G:\teamscale-profiler-dotnet\Profiler\lib\yaml-cpp\src\nodeevents.h">
      <Filter>yaml-cpp</Filter>
    </ClInclude>
    <ClInclude Include="G:\teamscale-profiler-dotnet\Profiler\lib\yaml-cpp\src\ptr_vector.h">
      <Filter>yaml-cpp</Filter>
    </ClInclude>
    <ClInclude Include="G:\teamscale-profiler-dotnet\Profiler\lib\yaml-cpp\src\regex_yaml.h">
      <Filter>yaml-cpp</Filter>
    </ClInclude>
    <ClInclude Include="G:\teamscale-profiler-dotnet\Profiler\lib\yaml-cpp\src\regeximpl.h">
      <Filter>yaml-cpp</Filter>
    </ClInclude>
    <ClInclude Include="G:\teamscale-profiler-dotnet\Profiler\lib\yaml-cpp\src\scanner.h">
      <Filter>yaml-cpp</Filter>
    </ClInclude>
    <ClInclude Include="G:\teamscale-profiler-dotnet\Profiler\lib\yaml-cpp\src\scanscalar.h">
      <Filter>yaml-cpp</Filter>
    </ClInclude>
    <ClInclude Include="G:\teamscale-profiler-dotnet\Profiler\lib\yaml-cpp\src\scantag.h">
      <Filter>yaml-cpp</Filter>
    </ClInclude>
    <ClInclude Include="G:\teamscale-profiler-dotnet\Profiler\lib\yaml-cpp\src\setting.h">
      <Filter>yaml-cpp</Filter>
    </ClInclude>
    <ClInclude Include="G:\teamscale-profiler-dotnet\Profiler\lib\yaml-cpp\src\singledocparser.h">
      <Filter>yaml-cpp</Filter>
    </ClInclude>
    <ClInclude Include="G:\teamscale-profiler-dotnet\Profiler\lib\yaml-cpp\src\stream.h">
      <Filter>yaml-cpp</Filter>
    </ClInclude>
    <ClInclude Include="G:\teamscale-profiler-dotnet\Profiler\lib\yaml-cpp\src\streamcharsource.h">
      <Filter>yaml-cpp</Filter>
    </ClInclude>
    <ClInclude Include="G:\teamscale-profiler-dotnet\Profiler\lib\yaml-cpp\src\stringsource.h">
      <Filter>yaml-cpp</Filter>
    </ClInclude>
    <ClInclude Include="G:\teamscale-profiler-dotnet\Profiler\lib\yaml-cpp\src\tag.h">
      <Filter>yaml-cpp</Filter>
    </ClInclude>
    <ClInclude Include="G:\teamscale-profiler-dotnet\Profiler\lib\yaml-cpp\src\token.h">
      <Filter>yaml-cpp</Filter>
    </ClInclude>
    <ClInclude Include="StringUtils.h">
      <Filter>utils</Filter>
    </ClInclude>
    <ClInclude Include="WindowsUtils.h">
      <Filter>utils</Filter>
    </ClInclude>
    <ClInclude Include="Debug.h">
      <Filter>utils</Filter>
    </ClInclude>
    <ClInclude Include="Config.h">
      <Filter>config</Filter>
    </ClInclude>
    <ClInclude Include="ConfigParser.h">
      <Filter>config</Filter>
    </ClInclude>
  </ItemGroup>
  <ItemGroup>
    <None Include="Profiler.def">
      <Filter>Source Files</Filter>
    </None>
  </ItemGroup>
  <ItemGroup>
    <ResourceCompile Include="resource.rc">
      <Filter>Resource Files</Filter>
    </ResourceCompile>
  </ItemGroup>
</Project>