
Microsoft Visual Studio Solution File, Format Version 12.00
# Visual Studio Version 16
VisualStudioVersion = 16.0.29424.173
MinimumVisualStudioVersion = 10.0.40219.1
Project("{FAE04EC0-301F-11D3-BF4B-00C04F79EFBC}") = "PerformanceTestee", "PerformanceTestee\PerformanceTestee.csproj", "{0B56F650-7F7C-4BAA-BF00-41DD86984AA6}"
EndProject
Global
	GlobalSection(SolutionConfigurationPlatforms) = preSolution
		Debug|Any CPU = Debug|Any CPU
		Debug|x64 = Debug|x64
		Debug|x86 = Debug|x86
		Release|Any CPU = Release|Any CPU
		Release|x64 = Release|x64
		Release|x86 = Release|x86
	EndGlobalSection
	GlobalSection(ProjectConfigurationPlatforms) = postSolution
		{0B56F650-7F7C-4BAA-BF00-41DD86984AA6}.Debug|Any CPU.ActiveCfg = Debug|Any CPU
		{0B56F650-7F7C-4BAA-BF00-41DD86984AA6}.Debug|Any CPU.Build.0 = Debug|Any CPU
		{0B56F650-7F7C-4BAA-BF00-41DD86984AA6}.Debug|x64.ActiveCfg = Debug|x64
		{0B56F650-7F7C-4BAA-BF00-41DD86984AA6}.Debug|x64.Build.0 = Debug|x64
		{0B56F650-7F7C-4BAA-BF00-41DD86984AA6}.Debug|x86.ActiveCfg = Debug|x86
		{0B56F650-7F7C-4BAA-BF00-41DD86984AA6}.Debug|x86.Build.0 = Debug|x86
		{0B56F650-7F7C-4BAA-BF00-41DD86984AA6}.Release|Any CPU.ActiveCfg = Release|Any CPU
		{0B56F650-7F7C-4BAA-BF00-41DD86984AA6}.Release|Any CPU.Build.0 = Release|Any CPU
		{0B56F650-7F7C-4BAA-BF00-41DD86984AA6}.Release|x64.ActiveCfg = Release|x64
		{0B56F650-7F7C-4BAA-BF00-41DD86984AA6}.Release|x64.Build.0 = Release|x64
		{0B56F650-7F7C-4BAA-BF00-41DD86984AA6}.Release|x86.ActiveCfg = Release|x86
		{0B56F650-7F7C-4BAA-BF00-41DD86984AA6}.Release|x86.Build.0 = Release|x86
	EndGlobalSection
	GlobalSection(SolutionProperties) = preSolution
		HideSolutionNode = FALSE
	EndGlobalSection
	GlobalSection(ExtensibilityGlobals) = postSolution
		SolutionGuid = {514F33FA-15BA-4BA4-8F16-C73CDE90A813}
	EndGlobalSection
EndGlobal
