Microsoft Visual Studio Solution File, Format Version 11.00
# Visual Studio 2010
Project("{FAE04EC0-301F-11D3-BF4B-00C04F79EFBC}") = "PdfizerConsole", "PdfizerConsole\PdfizerConsole.csproj", "{BBF6F16F-D518-40FE-948A-4E943B635E7B}"
EndProject
Global
	GlobalSection(SolutionConfigurationPlatforms) = preSolution
		Debug|Any CPU = Debug|Any CPU
		Release|Any CPU = Release|Any CPU
	EndGlobalSection
	GlobalSection(ProjectConfigurationPlatforms) = postSolution
		{BBF6F16F-D518-40FE-948A-4E943B635E7B}.Debug|Any CPU.ActiveCfg = Debug|Any CPU
		{BBF6F16F-D518-40FE-948A-4E943B635E7B}.Debug|Any CPU.Build.0 = Debug|Any CPU
		{BBF6F16F-D518-40FE-948A-4E943B635E7B}.Release|Any CPU.ActiveCfg = Release|Any CPU
		{BBF6F16F-D518-40FE-948A-4E943B635E7B}.Release|Any CPU.Build.0 = Release|Any CPU
	EndGlobalSection
	GlobalSection(SolutionProperties) = preSolution
		HideSolutionNode = FALSE
	EndGlobalSection
EndGlobal
